
Microsoft Visual Studio Solution File, Format Version 12.00
# Visual Studio 15
Project("{FAE04EC0-301F-11D3-BF4B-00C04F79EFBC}") = "Assembly-CSharp", "Assembly-CSharp.csproj", "{B074C225-C468-5C5B-0EBA-80A6017AEDA8}"
EndProject
Project("{FAE04EC0-301F-11D3-BF4B-00C04F79EFBC}") = "Unity.2D.Tilemap.Extras", "Unity.2D.Tilemap.Extras.csproj", "{6640201B-071E-2089-FABE-15852CA2739D}"
EndProject
Project("{FAE04EC0-301F-11D3-BF4B-00C04F79EFBC}") = "Unity.2D.Tilemap.Extras.Editor", "Unity.2D.Tilemap.Extras.Editor.csproj", "{103F7199-4A58-10B0-D65D-56FC8BA2041B}"
EndProject
Project("{FAE04EC0-301F-11D3-BF4B-00C04F79EFBC}") = "Unity.2D.Tilemap.Extras.Placeholder.EditorTests", "Unity.2D.Tilemap.Extras.Placeholder.EditorTests.csproj", "{12B78A6F-F3FF-EE74-AA83-C1FF5AE8FC42}"
EndProject
Global
	GlobalSection(SolutionConfigurationPlatforms) = preSolution
		Debug|Any CPU = Debug|Any CPU
		Release|Any CPU = Release|Any CPU
	EndGlobalSection
	GlobalSection(ProjectConfigurationPlatforms) = postSolution
		{B074C225-C468-5C5B-0EBA-80A6017AEDA8}.Debug|Any CPU.ActiveCfg = Debug|Any CPU
		{B074C225-C468-5C5B-0EBA-80A6017AEDA8}.Debug|Any CPU.Build.0 = Debug|Any CPU
		{B074C225-C468-5C5B-0EBA-80A6017AEDA8}.Release|Any CPU.ActiveCfg = Release|Any CPU
		{B074C225-C468-5C5B-0EBA-80A6017AEDA8}.Release|Any CPU.Build.0 = Release|Any CPU
		{6640201B-071E-2089-FABE-15852CA2739D}.Debug|Any CPU.ActiveCfg = Debug|Any CPU
		{6640201B-071E-2089-FABE-15852CA2739D}.Debug|Any CPU.Build.0 = Debug|Any CPU
		{6640201B-071E-2089-FABE-15852CA2739D}.Release|Any CPU.ActiveCfg = Release|Any CPU
		{6640201B-071E-2089-FABE-15852CA2739D}.Release|Any CPU.Build.0 = Release|Any CPU
		{103F7199-4A58-10B0-D65D-56FC8BA2041B}.Debug|Any CPU.ActiveCfg = Debug|Any CPU
		{103F7199-4A58-10B0-D65D-56FC8BA2041B}.Debug|Any CPU.Build.0 = Debug|Any CPU
		{103F7199-4A58-10B0-D65D-56FC8BA2041B}.Release|Any CPU.ActiveCfg = Release|Any CPU
		{103F7199-4A58-10B0-D65D-56FC8BA2041B}.Release|Any CPU.Build.0 = Release|Any CPU
		{12B78A6F-F3FF-EE74-AA83-C1FF5AE8FC42}.Debug|Any CPU.ActiveCfg = Debug|Any CPU
		{12B78A6F-F3FF-EE74-AA83-C1FF5AE8FC42}.Debug|Any CPU.Build.0 = Debug|Any CPU
		{12B78A6F-F3FF-EE74-AA83-C1FF5AE8FC42}.Release|Any CPU.ActiveCfg = Release|Any CPU
		{12B78A6F-F3FF-EE74-AA83-C1FF5AE8FC42}.Release|Any CPU.Build.0 = Release|Any CPU
	EndGlobalSection
	GlobalSection(SolutionProperties) = preSolution
		HideSolutionNode = FALSE
	EndGlobalSection
EndGlobal
